
Microsoft Visual Studio Solution File, Format Version 12.00
# Visual Studio Version 17
VisualStudioVersion = 17.5.002.0
MinimumVisualStudioVersion = 10.0.40219.1
Project("{9A19103F-16F7-4668-BE54-9A1E7A4F7556}") = "ConsoleApp", "ConsoleApp.csproj", "{302ACA36-1672-48DC-873A-B91A67E704CD}"
EndProject
Global
	GlobalSection(SolutionConfigurationPlatforms) = preSolution
		Debug|Any CPU = Debug|Any CPU
		Release|Any CPU = Release|Any CPU
	EndGlobalSection
	GlobalSection(ProjectConfigurationPlatforms) = postSolution
		{302ACA36-1672-48DC-873A-B91A67E704CD}.Debug|Any CPU.ActiveCfg = Debug|Any CPU
		{302ACA36-1672-48DC-873A-B91A67E704CD}.Debug|Any CPU.Build.0 = Debug|Any CPU
		{302ACA36-1672-48DC-873A-B91A67E704CD}.Release|Any CPU.ActiveCfg = Release|Any CPU
		{302ACA36-1672-48DC-873A-B91A67E704CD}.Release|Any CPU.Build.0 = Release|Any CPU
	EndGlobalSection
	GlobalSection(SolutionProperties) = preSolution
		HideSolutionNode = FALSE
	EndGlobalSection
	GlobalSection(ExtensibilityGlobals) = postSolution
		SolutionGuid = {16B2AADA-19B3-47B6-9D52-905B7D440954}
	EndGlobalSection
EndGlobal
